
Microsoft Visual Studio Solution File, Format Version 12.00
# Visual Studio 15
VisualStudioVersion = 15.0.28307.2017
MinimumVisualStudioVersion = 10.0.40219.1
Project("{FAE04EC0-301F-11D3-BF4B-00C04F79EFBC}") = "MyWebApp", "MyWebApp\MyWebApp.csproj", "{D5277463-4DB3-4AA7-8439-E4887AC4D73B}"
EndProject
Global
	GlobalSection(SolutionConfigurationPlatforms) = preSolution
		Debug|Any CPU = Debug|Any CPU
		Release|Any CPU = Release|Any CPU
	EndGlobalSection
	GlobalSection(ProjectConfigurationPlatforms) = postSolution
		{D5277463-4DB3-4AA7-8439-E4887AC4D73B}.Debug|Any CPU.ActiveCfg = Debug|Any CPU
		{D5277463-4DB3-4AA7-8439-E4887AC4D73B}.Debug|Any CPU.Build.0 = Debug|Any CPU
		{D5277463-4DB3-4AA7-8439-E4887AC4D73B}.Release|Any CPU.ActiveCfg = Release|Any CPU
		{D5277463-4DB3-4AA7-8439-E4887AC4D73B}.Release|Any CPU.Build.0 = Release|Any CPU
	EndGlobalSection
	GlobalSection(SolutionProperties) = preSolution
		HideSolutionNode = FALSE
	EndGlobalSection
	GlobalSection(ExtensibilityGlobals) = postSolution
		SolutionGuid = {FD7E0AF0-6B2B-44AB-B855-66B8672A70FF}
	EndGlobalSection
EndGlobal
